
Microsoft Visual Studio Solution File, Format Version 12.00
# Visual Studio Version 17
VisualStudioVersion = 17.0.31903.59
MinimumVisualStudioVersion = 10.0.40219.1
Project("{2150E333-8FDC-42A3-9474-1A3956D46DE8}") = "Regression", "Regression", "{97FA0FC8-D03D-4E43-BFE7-0916B398406A}"
EndProject
Project("{FAE04EC0-301F-11D3-BF4B-00C04F79EFBC}") = "SalaryPrediction", "Regression\SalaryPrediction\SalaryPrediction.csproj", "{BA5A97EF-50F1-4DA2-AE59-A228C115604D}"
EndProject
Global
	GlobalSection(SolutionConfigurationPlatforms) = preSolution
		Debug|Any CPU = Debug|Any CPU
		Release|Any CPU = Release|Any CPU
	EndGlobalSection
	GlobalSection(SolutionProperties) = preSolution
		HideSolutionNode = FALSE
	EndGlobalSection
	GlobalSection(ProjectConfigurationPlatforms) = postSolution
		{BA5A97EF-50F1-4DA2-AE59-A228C115604D}.Debug|Any CPU.ActiveCfg = Debug|Any CPU
		{BA5A97EF-50F1-4DA2-AE59-A228C115604D}.Debug|Any CPU.Build.0 = Debug|Any CPU
		{BA5A97EF-50F1-4DA2-AE59-A228C115604D}.Release|Any CPU.ActiveCfg = Release|Any CPU
		{BA5A97EF-50F1-4DA2-AE59-A228C115604D}.Release|Any CPU.Build.0 = Release|Any CPU
	EndGlobalSection
	GlobalSection(NestedProjects) = preSolution
		{BA5A97EF-50F1-4DA2-AE59-A228C115604D} = {97FA0FC8-D03D-4E43-BFE7-0916B398406A}
	EndGlobalSection
EndGlobal
