
Microsoft Visual Studio Solution File, Format Version 12.00
# Visual Studio Version 17
VisualStudioVersion = 17.0.31903.59
MinimumVisualStudioVersion = 10.0.40219.1
Project("{2150E333-8FDC-42A3-9474-1A3956D46DE8}") = "Regression", "Regression", "{97FA0FC8-D03D-4E43-BFE7-0916B398406A}"
EndProject
Project("{FAE04EC0-301F-11D3-BF4B-00C04F79EFBC}") = "SalaryPrediction", "Regression\SalaryPrediction\SalaryPrediction.csproj", "{BA5A97EF-50F1-4DA2-AE59-A228C115604D}"
EndProject
Project("{FAE04EC0-301F-11D3-BF4B-00C04F79EFBC}") = "CarPricesPrediction", "Regression\CarPricesPrediction\CarPricesPrediction.csproj", "{F7D74D0C-F1E7-46DE-B1E4-9CA4D24FD90B}"
EndProject
Project("{FAE04EC0-301F-11D3-BF4B-00C04F79EFBC}") = "HousePricesPrediction", "Regression\HousePricesPrediction\HousePricesPrediction.csproj", "{BF9780FC-4015-49BF-8961-E31D222DF068}"
EndProject
Project("{2150E333-8FDC-42A3-9474-1A3956D46DE8}") = "BinaryClassification", "BinaryClassification", "{EC636B11-5F83-4489-84A6-CB77C298A5E4}"
EndProject
Project("{FAE04EC0-301F-11D3-BF4B-00C04F79EFBC}") = "InvoiceAccountingErrorDetection", "BinaryClassification\InvoiceAccountingErrorDetection\InvoiceAccountingErrorDetection.csproj", "{ED60FE93-32DB-4310-A3C0-BB3A063E2162}"
EndProject
Project("{FAE04EC0-301F-11D3-BF4B-00C04F79EFBC}") = "TextSentimentAnalysis", "BinaryClassification\TextSentimentAnalysis\TextSentimentAnalysis.csproj", "{EC98071B-5ED1-4DE8-8681-12FC132EE329}"
EndProject
Project("{FAE04EC0-301F-11D3-BF4B-00C04F79EFBC}") = "WaterConsumptionPrediction", "Regression\WaterConsumptionPrediction\WaterConsumptionPrediction.csproj", "{8117C2A4-B93A-4241-A387-0749B407F67F}"
EndProject
Project("{2150E333-8FDC-42A3-9474-1A3956D46DE8}") = "AnomalyDetection", "AnomalyDetection", "{02EA681E-C7D8-13C7-8484-4AC65E1B71E8}"
EndProject
Project("{FAE04EC0-301F-11D3-BF4B-00C04F79EFBC}") = "CurrencyRateAnomalyDetection", "AnomalyDetection\CurrencyRateAnomalyDetection\CurrencyRateAnomalyDetection.csproj", "{FDC8332E-A35F-4419-A36F-7251C977F2D9}"
EndProject
Global
	GlobalSection(SolutionConfigurationPlatforms) = preSolution
		Debug|Any CPU = Debug|Any CPU
		Release|Any CPU = Release|Any CPU
	EndGlobalSection
	GlobalSection(ProjectConfigurationPlatforms) = postSolution
		{BA5A97EF-50F1-4DA2-AE59-A228C115604D}.Debug|Any CPU.ActiveCfg = Debug|Any CPU
		{BA5A97EF-50F1-4DA2-AE59-A228C115604D}.Debug|Any CPU.Build.0 = Debug|Any CPU
		{BA5A97EF-50F1-4DA2-AE59-A228C115604D}.Release|Any CPU.ActiveCfg = Release|Any CPU
		{BA5A97EF-50F1-4DA2-AE59-A228C115604D}.Release|Any CPU.Build.0 = Release|Any CPU
		{F7D74D0C-F1E7-46DE-B1E4-9CA4D24FD90B}.Debug|Any CPU.ActiveCfg = Debug|Any CPU
		{F7D74D0C-F1E7-46DE-B1E4-9CA4D24FD90B}.Debug|Any CPU.Build.0 = Debug|Any CPU
		{F7D74D0C-F1E7-46DE-B1E4-9CA4D24FD90B}.Release|Any CPU.ActiveCfg = Release|Any CPU
		{F7D74D0C-F1E7-46DE-B1E4-9CA4D24FD90B}.Release|Any CPU.Build.0 = Release|Any CPU
		{BF9780FC-4015-49BF-8961-E31D222DF068}.Debug|Any CPU.ActiveCfg = Debug|Any CPU
		{BF9780FC-4015-49BF-8961-E31D222DF068}.Debug|Any CPU.Build.0 = Debug|Any CPU
		{BF9780FC-4015-49BF-8961-E31D222DF068}.Release|Any CPU.ActiveCfg = Release|Any CPU
		{BF9780FC-4015-49BF-8961-E31D222DF068}.Release|Any CPU.Build.0 = Release|Any CPU
		{ED60FE93-32DB-4310-A3C0-BB3A063E2162}.Debug|Any CPU.ActiveCfg = Debug|Any CPU
		{ED60FE93-32DB-4310-A3C0-BB3A063E2162}.Debug|Any CPU.Build.0 = Debug|Any CPU
		{ED60FE93-32DB-4310-A3C0-BB3A063E2162}.Release|Any CPU.ActiveCfg = Release|Any CPU
		{ED60FE93-32DB-4310-A3C0-BB3A063E2162}.Release|Any CPU.Build.0 = Release|Any CPU
		{EC98071B-5ED1-4DE8-8681-12FC132EE329}.Debug|Any CPU.ActiveCfg = Debug|Any CPU
		{EC98071B-5ED1-4DE8-8681-12FC132EE329}.Debug|Any CPU.Build.0 = Debug|Any CPU
		{EC98071B-5ED1-4DE8-8681-12FC132EE329}.Release|Any CPU.ActiveCfg = Release|Any CPU
		{EC98071B-5ED1-4DE8-8681-12FC132EE329}.Release|Any CPU.Build.0 = Release|Any CPU
		{8117C2A4-B93A-4241-A387-0749B407F67F}.Debug|Any CPU.ActiveCfg = Debug|Any CPU
		{8117C2A4-B93A-4241-A387-0749B407F67F}.Debug|Any CPU.Build.0 = Debug|Any CPU
		{8117C2A4-B93A-4241-A387-0749B407F67F}.Release|Any CPU.ActiveCfg = Release|Any CPU
		{8117C2A4-B93A-4241-A387-0749B407F67F}.Release|Any CPU.Build.0 = Release|Any CPU
		{FDC8332E-A35F-4419-A36F-7251C977F2D9}.Debug|Any CPU.ActiveCfg = Debug|Any CPU
		{FDC8332E-A35F-4419-A36F-7251C977F2D9}.Debug|Any CPU.Build.0 = Debug|Any CPU
		{FDC8332E-A35F-4419-A36F-7251C977F2D9}.Release|Any CPU.ActiveCfg = Release|Any CPU
		{FDC8332E-A35F-4419-A36F-7251C977F2D9}.Release|Any CPU.Build.0 = Release|Any CPU
	EndGlobalSection
	GlobalSection(SolutionProperties) = preSolution
		HideSolutionNode = FALSE
	EndGlobalSection
	GlobalSection(NestedProjects) = preSolution
		{BA5A97EF-50F1-4DA2-AE59-A228C115604D} = {97FA0FC8-D03D-4E43-BFE7-0916B398406A}
		{F7D74D0C-F1E7-46DE-B1E4-9CA4D24FD90B} = {97FA0FC8-D03D-4E43-BFE7-0916B398406A}
		{BF9780FC-4015-49BF-8961-E31D222DF068} = {97FA0FC8-D03D-4E43-BFE7-0916B398406A}
		{ED60FE93-32DB-4310-A3C0-BB3A063E2162} = {EC636B11-5F83-4489-84A6-CB77C298A5E4}
		{EC98071B-5ED1-4DE8-8681-12FC132EE329} = {EC636B11-5F83-4489-84A6-CB77C298A5E4}
		{8117C2A4-B93A-4241-A387-0749B407F67F} = {97FA0FC8-D03D-4E43-BFE7-0916B398406A}
		{FDC8332E-A35F-4419-A36F-7251C977F2D9} = {02EA681E-C7D8-13C7-8484-4AC65E1B71E8}
	EndGlobalSection
	GlobalSection(ExtensibilityGlobals) = postSolution
		SolutionGuid = {EFC0714A-5FC3-4203-80DC-0AA5F97B61C7}
	EndGlobalSection
EndGlobal
